
Microsoft Visual Studio Solution File, Format Version 12.00
# Visual Studio Version 17
VisualStudioVersion = 17.9.34728.123
MinimumVisualStudioVersion = 10.0.40219.1
Project("{FAE04EC0-301F-11D3-BF4B-00C04F79EFBC}") = "2.UserInputs", "2.UserInputs\2.UserInputs.csproj", "{F91B80A3-6D5D-4C3E-99F8-9EAF5783A54B}"
EndProject
Global
	GlobalSection(SolutionConfigurationPlatforms) = preSolution
		Debug|Any CPU = Debug|Any CPU
		Release|Any CPU = Release|Any CPU
	EndGlobalSection
	GlobalSection(ProjectConfigurationPlatforms) = postSolution
		{F91B80A3-6D5D-4C3E-99F8-9EAF5783A54B}.Debug|Any CPU.ActiveCfg = Debug|Any CPU
		{F91B80A3-6D5D-4C3E-99F8-9EAF5783A54B}.Debug|Any CPU.Build.0 = Debug|Any CPU
		{F91B80A3-6D5D-4C3E-99F8-9EAF5783A54B}.Release|Any CPU.ActiveCfg = Release|Any CPU
		{F91B80A3-6D5D-4C3E-99F8-9EAF5783A54B}.Release|Any CPU.Build.0 = Release|Any CPU
	EndGlobalSection
	GlobalSection(SolutionProperties) = preSolution
		HideSolutionNode = FALSE
	EndGlobalSection
	GlobalSection(ExtensibilityGlobals) = postSolution
		SolutionGuid = {0FD2F06C-912C-4194-9024-E03C4E5A457A}
	EndGlobalSection
EndGlobal
